
Microsoft Visual Studio Solution File, Format Version 12.00
# Visual Studio Version 17
VisualStudioVersion = 17.7.34009.444
MinimumVisualStudioVersion = 10.0.40219.1
Project("{FAE04EC0-301F-11D3-BF4B-00C04F79EFBC}") = "WebApplication1", "WebApplication1\WebApplication1.csproj", "{705D0233-AD4D-4969-8C6D-DCCC18D4C6BD}"
EndProject
Global
	GlobalSection(SolutionConfigurationPlatforms) = preSolution
		Debug|Any CPU = Debug|Any CPU
		Release|Any CPU = Release|Any CPU
	EndGlobalSection
	GlobalSection(ProjectConfigurationPlatforms) = postSolution
		{705D0233-AD4D-4969-8C6D-DCCC18D4C6BD}.Debug|Any CPU.ActiveCfg = Debug|Any CPU
		{705D0233-AD4D-4969-8C6D-DCCC18D4C6BD}.Debug|Any CPU.Build.0 = Debug|Any CPU
		{705D0233-AD4D-4969-8C6D-DCCC18D4C6BD}.Release|Any CPU.ActiveCfg = Release|Any CPU
		{705D0233-AD4D-4969-8C6D-DCCC18D4C6BD}.Release|Any CPU.Build.0 = Release|Any CPU
	EndGlobalSection
	GlobalSection(SolutionProperties) = preSolution
		HideSolutionNode = FALSE
	EndGlobalSection
	GlobalSection(ExtensibilityGlobals) = postSolution
		SolutionGuid = {57912006-BD1D-451A-BD25-D6F3CD481D49}
	EndGlobalSection
EndGlobal
